
Microsoft Visual Studio Solution File, Format Version 12.00
# Visual Studio Version 17
VisualStudioVersion = 17.13.35825.156 d17.13
MinimumVisualStudioVersion = 10.0.40219.1
Project("{FAE04EC0-301F-11D3-BF4B-00C04F79EFBC}") = "WindowsFormsApp4", "WindowsFormsApp4\WindowsFormsApp4.csproj", "{F1863E7E-BCAE-4C56-BF8D-58A201089C89}"
EndProject
Global
	GlobalSection(SolutionConfigurationPlatforms) = preSolution
		Debug|Any CPU = Debug|Any CPU
		Release|Any CPU = Release|Any CPU
	EndGlobalSection
	GlobalSection(ProjectConfigurationPlatforms) = postSolution
		{F1863E7E-BCAE-4C56-BF8D-58A201089C89}.Debug|Any CPU.ActiveCfg = Debug|Any CPU
		{F1863E7E-BCAE-4C56-BF8D-58A201089C89}.Debug|Any CPU.Build.0 = Debug|Any CPU
		{F1863E7E-BCAE-4C56-BF8D-58A201089C89}.Release|Any CPU.ActiveCfg = Release|Any CPU
		{F1863E7E-BCAE-4C56-BF8D-58A201089C89}.Release|Any CPU.Build.0 = Release|Any CPU
	EndGlobalSection
	GlobalSection(SolutionProperties) = preSolution
		HideSolutionNode = FALSE
	EndGlobalSection
	GlobalSection(ExtensibilityGlobals) = postSolution
		SolutionGuid = {F5F424F9-51A5-4B91-8638-5DB2CE217B56}
	EndGlobalSection
EndGlobal
